
Microsoft Visual Studio Solution File, Format Version 12.00
# Visual Studio 2013
VisualStudioVersion = 12.0.31101.0
MinimumVisualStudioVersion = 10.0.40219.1
Project("{FAE04EC0-301F-11D3-BF4B-00C04F79EFBC}") = "SpecFlowDemo", "SpecFlowDemo\SpecFlowDemo.csproj", "{C2C17BC8-18FE-4A34-BFCB-1D4A610CB6BA}"
EndProject
Project("{2150E333-8FDC-42A3-9474-1A3956D46DE8}") = ".nuget", ".nuget", "{8DAAE21E-1357-4C99-AFB4-C155DCD1217B}"
	ProjectSection(SolutionItems) = preProject
		.nuget\packages.config = .nuget\packages.config
	EndProjectSection
EndProject
Project("{FAE04EC0-301F-11D3-BF4B-00C04F79EFBC}") = "Acceptanstest", "Acceptanstest\Acceptanstest.csproj", "{7341403A-E275-482E-BA7D-3D8CEC6DB981}"
EndProject
Global
	GlobalSection(SolutionConfigurationPlatforms) = preSolution
		Debug|Any CPU = Debug|Any CPU
		Release|Any CPU = Release|Any CPU
	EndGlobalSection
	GlobalSection(ProjectConfigurationPlatforms) = postSolution
		{C2C17BC8-18FE-4A34-BFCB-1D4A610CB6BA}.Debug|Any CPU.ActiveCfg = Debug|Any CPU
		{C2C17BC8-18FE-4A34-BFCB-1D4A610CB6BA}.Debug|Any CPU.Build.0 = Debug|Any CPU
		{C2C17BC8-18FE-4A34-BFCB-1D4A610CB6BA}.Release|Any CPU.ActiveCfg = Release|Any CPU
		{C2C17BC8-18FE-4A34-BFCB-1D4A610CB6BA}.Release|Any CPU.Build.0 = Release|Any CPU
		{7341403A-E275-482E-BA7D-3D8CEC6DB981}.Debug|Any CPU.ActiveCfg = Debug|Any CPU
		{7341403A-E275-482E-BA7D-3D8CEC6DB981}.Debug|Any CPU.Build.0 = Debug|Any CPU
		{7341403A-E275-482E-BA7D-3D8CEC6DB981}.Release|Any CPU.ActiveCfg = Release|Any CPU
		{7341403A-E275-482E-BA7D-3D8CEC6DB981}.Release|Any CPU.Build.0 = Release|Any CPU
	EndGlobalSection
	GlobalSection(SolutionProperties) = preSolution
		HideSolutionNode = FALSE
	EndGlobalSection
EndGlobal
